<?xml version="1.0" encoding="UTF-8" standalone="yes" ?>
<CodeBlocks_project_file>
	<FileVersion major="1" minor="6" />
	<Project>
		<Option title="boardtest" />
		<Option makefile_is_custom="1" />
		<Option pch_mode="2" />
		<Option compiler="armelfgcc" />
		<Option extended_obj_names="1" />
		<Build>
			<Target title="Debug">
				<Option output="bin/$(PROJECT_NAME).elf" prefix_auto="0" extension_auto="0" />
				<Option working_dir="" />
				<Option object_output="obj/Debug/" />
				<Option type="5" />
				<Option compiler="armelfgcc" />
				<Compiler>
					<Add option="-g" />
					<Add directory="inc" />
				</Compiler>
				<Linker>
					<Add option="-g" />
				</Linker>
				<MakeCommands>
					<Build command="$make -j8 -f $makefile all" />
					<CompileFile command="$make -j8 -f $makefile $file" />
					<Clean command="$make -j8 -f $makefile clean" />
					<DistClean command="$make -f $makefile distclean$target" />
					<AskRebuildNeeded command="$make  -q -f $makefile $target" />
					<SilentBuild command="$make -j8 -f $makefile all &gt; $(CMD_NULL)" />
				</MakeCommands>
			</Target>
			<Target title="Release">
				<Option output="bin/$(PROJECT_NAME).elf" prefix_auto="0" extension_auto="0" />
				<Option working_dir="" />
				<Option object_output="obj/Debug/" />
				<Option type="5" />
				<Option compiler="armelfgcc" />
				<Compiler>
					<Add option="-g" />
					<Add directory="inc" />
				</Compiler>
				<Linker>
					<Add option="-g" />
				</Linker>
				<MakeCommands>
					<Build command="$make -j 5 -f $makefile all" />
					<CompileFile command="$make -j 5 -f $makefile $file" />
					<Clean command="$make -j 5 -f $makefile clean" />
					<DistClean command="$make -f $makefile distclean$target" />
					<AskRebuildNeeded command="$make -j 5 -q -f $makefile $target" />
					<SilentBuild command="$make -j 5 -f $makefile all &gt; $(CMD_NULL)" />
				</MakeCommands>
			</Target>
			<Target title="Stylecheck">
				<Option output="STM32F4" prefix_auto="1" extension_auto="1" />
				<Option type="0" />
				<Option compiler="armelfgcc" />
				<Compiler>
					<Add directory="inc" />
				</Compiler>
				<MakeCommands>
					<Build command="$make -f $makefile stylecheck" />
					<CompileFile command="$make -f $makefile $file.stylecheck" />
					<Clean command="$make -j 8 -f $makefile styleclean" />
					<DistClean command="$make -f $makefile distclean$target" />
					<AskRebuildNeeded command="$make -q -f $makefile $target" />
					<SilentBuild command="$make -f $makefile stylecheck &gt; $(CMD_NULL)" />
				</MakeCommands>
			</Target>
		</Build>
		<Compiler>
			<Add option="-mthumb" />
			<Add option="-mlittle-endian" />
			<Add option="-Wshadow" />
			<Add option="-Winit-self" />
			<Add option="-Wredundant-decls" />
			<Add option="-Wfloat-equal" />
			<Add option="-Winline" />
			<Add option="-Wunreachable-code" />
			<Add option="-Wmissing-declarations" />
			<Add option="-Wmissing-include-dirs" />
			<Add option="-Wswitch-enum" />
			<Add option="-Wall" />
			<Add option="-mcpu=$(MCPU)" />
			<Add option="-mfloat-abi=$(MFLOAT_ABI)" />
			<Add option="-mfpu=$(MFPU)" />
			<Add option="-DUSE_STDPERIPH_DRIVER" />
			<Add option="-DUSE_STM32_DISCOVERY" />
			<Add option="-DHSE_VALUE=$(HSE_VALUE)" />
			<Add directory="$(PROJECT_DIR)" />
			<Add directory="$(PROJECT_DIR)inc/" />
			<Add directory="$(PROJECT_DIR)lib/StdPeriph/inc" />
			<Add directory="$(PROJECT_DIR)lib/CMSIS/inc" />
		</Compiler>
		<Linker>
			<Add option="-mthumb" />
			<Add option="-Wall" />
			<Add option="-mlittle-endian" />
			<Add option='-T&quot;$(LINKER_FILE)&quot;' />
			<Add option="-mcpu=$(MCPU)" />
			<Add option="-mfloat-abi=$(MFLOAT_ABI)" />
			<Add option="-mfpu=$(MFPU)" />
		</Linker>
		<Unit filename="./src/bxcan.c">
			<Option compilerVar="CC" />
		</Unit>
		<Unit filename="Makefile">
			<Option target="Debug" />
			<Option target="Release" />
		</Unit>
		<Unit filename="armv7m-vectstate.gdb" />
		<Unit filename="inc/board.h" />
		<Unit filename="inc/clock.h" />
		<Unit filename="inc/io.h" />
		<Unit filename="lib/opencm3/.gitignore" />
		<Unit filename="lib/opencm3/COPYING.GPL3" />
		<Unit filename="lib/opencm3/COPYING.LGPL3" />
		<Unit filename="lib/opencm3/HACKING" />
		<Unit filename="lib/opencm3/HACKING_COMMON_DOC" />
		<Unit filename="lib/opencm3/Makefile" />
		<Unit filename="lib/opencm3/README" />
		<Unit filename="lib/opencm3/doc/Doxyfile" />
		<Unit filename="lib/opencm3/doc/Doxyfile_common" />
		<Unit filename="lib/opencm3/doc/DoxygenLayout.xml" />
		<Unit filename="lib/opencm3/doc/HACKING" />
		<Unit filename="lib/opencm3/doc/Makefile" />
		<Unit filename="lib/opencm3/doc/README" />
		<Unit filename="lib/opencm3/doc/cm3/Doxyfile" />
		<Unit filename="lib/opencm3/doc/cm3/DoxygenLayout_cm3.xml" />
		<Unit filename="lib/opencm3/doc/efm32g/Doxyfile" />
		<Unit filename="lib/opencm3/doc/efm32g/Doxyfile_latex" />
		<Unit filename="lib/opencm3/doc/efm32g/DoxygenLayout_efm32g.xml" />
		<Unit filename="lib/opencm3/doc/efm32g/header_efm32g.tex" />
		<Unit filename="lib/opencm3/doc/efm32gg/Doxyfile" />
		<Unit filename="lib/opencm3/doc/efm32gg/Doxyfile_latex" />
		<Unit filename="lib/opencm3/doc/efm32gg/DoxygenLayout_efm32gg.xml" />
		<Unit filename="lib/opencm3/doc/efm32gg/header_efm32gg.tex" />
		<Unit filename="lib/opencm3/doc/efm32lg/Doxyfile" />
		<Unit filename="lib/opencm3/doc/efm32lg/Doxyfile_latex" />
		<Unit filename="lib/opencm3/doc/efm32lg/DoxygenLayout_efm32lg.xml" />
		<Unit filename="lib/opencm3/doc/efm32lg/header_efm32lg.tex" />
		<Unit filename="lib/opencm3/doc/efm32tg/Doxyfile" />
		<Unit filename="lib/opencm3/doc/efm32tg/Doxyfile_latex" />
		<Unit filename="lib/opencm3/doc/efm32tg/DoxygenLayout_efm32tg.xml" />
		<Unit filename="lib/opencm3/doc/efm32tg/header_efm32tg.tex" />
		<Unit filename="lib/opencm3/doc/index.html" />
		<Unit filename="lib/opencm3/doc/lm3s/Doxyfile" />
		<Unit filename="lib/opencm3/doc/lm3s/Doxyfile_latex" />
		<Unit filename="lib/opencm3/doc/lm3s/DoxygenLayout_lm3s.xml" />
		<Unit filename="lib/opencm3/doc/lm3s/header_lm3s.tex" />
		<Unit filename="lib/opencm3/doc/lm4f/Doxyfile" />
		<Unit filename="lib/opencm3/doc/lm4f/Doxyfile_latex" />
		<Unit filename="lib/opencm3/doc/lm4f/DoxygenLayout_lm4f.xml" />
		<Unit filename="lib/opencm3/doc/lm4f/header_lm4f.tex" />
		<Unit filename="lib/opencm3/doc/lpc13xx/Doxyfile" />
		<Unit filename="lib/opencm3/doc/lpc13xx/Doxyfile_latex" />
		<Unit filename="lib/opencm3/doc/lpc13xx/DoxygenLayout_lpc13xx.xml" />
		<Unit filename="lib/opencm3/doc/lpc13xx/header_lpc13xx.tex" />
		<Unit filename="lib/opencm3/doc/lpc17xx/Doxyfile" />
		<Unit filename="lib/opencm3/doc/lpc17xx/Doxyfile_latex" />
		<Unit filename="lib/opencm3/doc/lpc17xx/DoxygenLayout_lpc17xx.xml" />
		<Unit filename="lib/opencm3/doc/lpc17xx/header_lpc17xx.tex" />
		<Unit filename="lib/opencm3/doc/lpc43xx/Doxyfile" />
		<Unit filename="lib/opencm3/doc/lpc43xx/Doxyfile_latex" />
		<Unit filename="lib/opencm3/doc/lpc43xx/DoxygenLayout_lpc43xx.xml" />
		<Unit filename="lib/opencm3/doc/lpc43xx/header_lpc43xx.tex" />
		<Unit filename="lib/opencm3/doc/stm32f0/Doxyfile" />
		<Unit filename="lib/opencm3/doc/stm32f0/Doxyfile_latex" />
		<Unit filename="lib/opencm3/doc/stm32f0/DoxygenLayout_stm32f0.xml" />
		<Unit filename="lib/opencm3/doc/stm32f0/header_stm32f0.tex" />
		<Unit filename="lib/opencm3/doc/stm32f0/index.html" />
		<Unit filename="lib/opencm3/doc/stm32f1/Doxyfile" />
		<Unit filename="lib/opencm3/doc/stm32f1/Doxyfile_latex" />
		<Unit filename="lib/opencm3/doc/stm32f1/DoxygenLayout_stm32f1.xml" />
		<Unit filename="lib/opencm3/doc/stm32f1/header_stm32f1.tex" />
		<Unit filename="lib/opencm3/doc/stm32f1/index.html" />
		<Unit filename="lib/opencm3/doc/stm32f2/Doxyfile" />
		<Unit filename="lib/opencm3/doc/stm32f2/Doxyfile_latex" />
		<Unit filename="lib/opencm3/doc/stm32f2/DoxygenLayout_stm32f2.xml" />
		<Unit filename="lib/opencm3/doc/stm32f2/header_stm32f2.tex" />
		<Unit filename="lib/opencm3/doc/stm32f2/index.html" />
		<Unit filename="lib/opencm3/doc/stm32f3/Doxyfile" />
		<Unit filename="lib/opencm3/doc/stm32f3/Doxyfile_latex" />
		<Unit filename="lib/opencm3/doc/stm32f3/DoxygenLayout_stm32f3.xml" />
		<Unit filename="lib/opencm3/doc/stm32f3/header_stm32f3.tex" />
		<Unit filename="lib/opencm3/doc/stm32f3/index.html" />
		<Unit filename="lib/opencm3/doc/stm32f4/Doxyfile" />
		<Unit filename="lib/opencm3/doc/stm32f4/Doxyfile_latex" />
		<Unit filename="lib/opencm3/doc/stm32f4/DoxygenLayout_stm32f4.xml" />
		<Unit filename="lib/opencm3/doc/stm32f4/header_stm32f4.tex" />
		<Unit filename="lib/opencm3/doc/stm32f4/index.html" />
		<Unit filename="lib/opencm3/doc/stm32l1/Doxyfile" />
		<Unit filename="lib/opencm3/doc/stm32l1/Doxyfile_latex" />
		<Unit filename="lib/opencm3/doc/stm32l1/DoxygenLayout_stm32l1.xml" />
		<Unit filename="lib/opencm3/doc/stm32l1/header_stm32l1.tex" />
		<Unit filename="lib/opencm3/doc/stm32l1/index.html" />
		<Unit filename="lib/opencm3/doc/usb/Doxyfile" />
		<Unit filename="lib/opencm3/doc/usb/Doxyfile_latex" />
		<Unit filename="lib/opencm3/doc/usb/DoxygenLayout_usb.xml" />
		<Unit filename="lib/opencm3/doc/usb/header_usb.tex" />
		<Unit filename="lib/opencm3/include/libopencm3/cm3/assert.h" />
		<Unit filename="lib/opencm3/include/libopencm3/cm3/common.h" />
		<Unit filename="lib/opencm3/include/libopencm3/cm3/cortex.h" />
		<Unit filename="lib/opencm3/include/libopencm3/cm3/doc-cm3.h" />
		<Unit filename="lib/opencm3/include/libopencm3/cm3/dwt.h" />
		<Unit filename="lib/opencm3/include/libopencm3/cm3/fpb.h" />
		<Unit filename="lib/opencm3/include/libopencm3/cm3/itm.h" />
		<Unit filename="lib/opencm3/include/libopencm3/cm3/memorymap.h" />
		<Unit filename="lib/opencm3/include/libopencm3/cm3/mpu.h" />
		<Unit filename="lib/opencm3/include/libopencm3/cm3/nvic.h" />
		<Unit filename="lib/opencm3/include/libopencm3/cm3/scb.h" />
		<Unit filename="lib/opencm3/include/libopencm3/cm3/scs.h" />
		<Unit filename="lib/opencm3/include/libopencm3/cm3/sync.h" />
		<Unit filename="lib/opencm3/include/libopencm3/cm3/systick.h" />
		<Unit filename="lib/opencm3/include/libopencm3/cm3/tpiu.h" />
		<Unit filename="lib/opencm3/include/libopencm3/cm3/vector.h" />
		<Unit filename="lib/opencm3/include/libopencm3/dispatch/nvic.h" />
		<Unit filename="lib/opencm3/include/libopencm3/docmain.dox" />
		<Unit filename="lib/opencm3/include/libopencm3/ethernet/mac.h" />
		<Unit filename="lib/opencm3/include/libopencm3/ethernet/mac_stm32fxx7.h" />
		<Unit filename="lib/opencm3/include/libopencm3/ethernet/phy.h" />
		<Unit filename="lib/opencm3/include/libopencm3/ethernet/phy_ksz8051mll.h" />
		<Unit filename="lib/opencm3/include/libopencm3/license.dox" />
		<Unit filename="lib/opencm3/include/libopencm3/stm32/adc.h" />
		<Unit filename="lib/opencm3/include/libopencm3/stm32/can.h" />
		<Unit filename="lib/opencm3/include/libopencm3/stm32/cec.h" />
		<Unit filename="lib/opencm3/include/libopencm3/stm32/common/can_common_bxcan.h" />
		<Unit filename="lib/opencm3/include/libopencm3/stm32/common/crc_common_all.h" />
		<Unit filename="lib/opencm3/include/libopencm3/stm32/common/crypto_common_f24.h" />
		<Unit filename="lib/opencm3/include/libopencm3/stm32/common/dac_common_all.h" />
		<Unit filename="lib/opencm3/include/libopencm3/stm32/common/dma_common_f24.h" />
		<Unit filename="lib/opencm3/include/libopencm3/stm32/common/dma_common_l1f013.h" />
		<Unit filename="lib/opencm3/include/libopencm3/stm32/common/exti_common_all.h" />
		<Unit filename="lib/opencm3/include/libopencm3/stm32/common/exti_common_l1f24.h" />
		<Unit filename="lib/opencm3/include/libopencm3/stm32/common/flash_common_f234.h" />
		<Unit filename="lib/opencm3/include/libopencm3/stm32/common/flash_common_f24.h" />
		<Unit filename="lib/opencm3/include/libopencm3/stm32/common/gpio_common_all.h" />
		<Unit filename="lib/opencm3/include/libopencm3/stm32/common/gpio_common_f234.h" />
		<Unit filename="lib/opencm3/include/libopencm3/stm32/common/gpio_common_f24.h" />
		<Unit filename="lib/opencm3/include/libopencm3/stm32/common/hash_common_f24.h" />
		<Unit filename="lib/opencm3/include/libopencm3/stm32/common/i2c_common_all.h" />
		<Unit filename="lib/opencm3/include/libopencm3/stm32/common/i2c_common_f24.h" />
		<Unit filename="lib/opencm3/include/libopencm3/stm32/common/iwdg_common_all.h" />
		<Unit filename="lib/opencm3/include/libopencm3/stm32/common/pwr_common_all.h" />
		<Unit filename="lib/opencm3/include/libopencm3/stm32/common/rcc_common_all.h" />
		<Unit filename="lib/opencm3/include/libopencm3/stm32/common/rng_common_f24.h" />
		<Unit filename="lib/opencm3/include/libopencm3/stm32/common/rtc_common_l1f024.h" />
		<Unit filename="lib/opencm3/include/libopencm3/stm32/common/spi_common_all.h" />
		<Unit filename="lib/opencm3/include/libopencm3/stm32/common/spi_common_f124.h" />
		<Unit filename="lib/opencm3/include/libopencm3/stm32/common/spi_common_f24.h" />
		<Unit filename="lib/opencm3/include/libopencm3/stm32/common/syscfg_common_l1f234.h" />
		<Unit filename="lib/opencm3/include/libopencm3/stm32/common/timer_common_all.h" />
		<Unit filename="lib/opencm3/include/libopencm3/stm32/common/timer_common_f24.h" />
		<Unit filename="lib/opencm3/include/libopencm3/stm32/common/usart_common_all.h" />
		<Unit filename="lib/opencm3/include/libopencm3/stm32/common/usart_common_f124.h" />
		<Unit filename="lib/opencm3/include/libopencm3/stm32/common/usart_common_f24.h" />
		<Unit filename="lib/opencm3/include/libopencm3/stm32/comparator.h" />
		<Unit filename="lib/opencm3/include/libopencm3/stm32/crc.h" />
		<Unit filename="lib/opencm3/include/libopencm3/stm32/crypto.h" />
		<Unit filename="lib/opencm3/include/libopencm3/stm32/dac.h" />
		<Unit filename="lib/opencm3/include/libopencm3/stm32/dbgmcu.h" />
		<Unit filename="lib/opencm3/include/libopencm3/stm32/desig.h" />
		<Unit filename="lib/opencm3/include/libopencm3/stm32/dma.h" />
		<Unit filename="lib/opencm3/include/libopencm3/stm32/ethernet.h" />
		<Unit filename="lib/opencm3/include/libopencm3/stm32/exti.h" />
		<Unit filename="lib/opencm3/include/libopencm3/stm32/f4/adc.h" />
		<Unit filename="lib/opencm3/include/libopencm3/stm32/f4/can.h" />
		<Unit filename="lib/opencm3/include/libopencm3/stm32/f4/crc.h" />
		<Unit filename="lib/opencm3/include/libopencm3/stm32/f4/crypto.h" />
		<Unit filename="lib/opencm3/include/libopencm3/stm32/f4/dac.h" />
		<Unit filename="lib/opencm3/include/libopencm3/stm32/f4/dma.h" />
		<Unit filename="lib/opencm3/include/libopencm3/stm32/f4/doc-stm32f4.h" />
		<Unit filename="lib/opencm3/include/libopencm3/stm32/f4/exti.h" />
		<Unit filename="lib/opencm3/include/libopencm3/stm32/f4/flash.h" />
		<Unit filename="lib/opencm3/include/libopencm3/stm32/f4/gpio.h" />
		<Unit filename="lib/opencm3/include/libopencm3/stm32/f4/hash.h" />
		<Unit filename="lib/opencm3/include/libopencm3/stm32/f4/i2c.h" />
		<Unit filename="lib/opencm3/include/libopencm3/stm32/f4/irq.yaml" />
		<Unit filename="lib/opencm3/include/libopencm3/stm32/f4/iwdg.h" />
		<Unit filename="lib/opencm3/include/libopencm3/stm32/f4/memorymap.h" />
		<Unit filename="lib/opencm3/include/libopencm3/stm32/f4/nvic.h" />
		<Unit filename="lib/opencm3/include/libopencm3/stm32/f4/pwr.h" />
		<Unit filename="lib/opencm3/include/libopencm3/stm32/f4/rcc.h" />
		<Unit filename="lib/opencm3/include/libopencm3/stm32/f4/rng.h" />
		<Unit filename="lib/opencm3/include/libopencm3/stm32/f4/rtc.h" />
		<Unit filename="lib/opencm3/include/libopencm3/stm32/f4/spi.h" />
		<Unit filename="lib/opencm3/include/libopencm3/stm32/f4/syscfg.h" />
		<Unit filename="lib/opencm3/include/libopencm3/stm32/f4/timer.h" />
		<Unit filename="lib/opencm3/include/libopencm3/stm32/f4/usart.h" />
		<Unit filename="lib/opencm3/include/libopencm3/stm32/flash.h" />
		<Unit filename="lib/opencm3/include/libopencm3/stm32/fsmc.h" />
		<Unit filename="lib/opencm3/include/libopencm3/stm32/gpio.h" />
		<Unit filename="lib/opencm3/include/libopencm3/stm32/hash.h" />
		<Unit filename="lib/opencm3/include/libopencm3/stm32/i2c.h" />
		<Unit filename="lib/opencm3/include/libopencm3/stm32/iwdg.h" />
		<Unit filename="lib/opencm3/include/libopencm3/stm32/memorymap.h" />
		<Unit filename="lib/opencm3/include/libopencm3/stm32/otg_fs.h" />
		<Unit filename="lib/opencm3/include/libopencm3/stm32/otg_hs.h" />
		<Unit filename="lib/opencm3/include/libopencm3/stm32/pwr.h" />
		<Unit filename="lib/opencm3/include/libopencm3/stm32/rcc.h" />
		<Unit filename="lib/opencm3/include/libopencm3/stm32/rtc.h" />
		<Unit filename="lib/opencm3/include/libopencm3/stm32/sdio.h" />
		<Unit filename="lib/opencm3/include/libopencm3/stm32/spi.h" />
		<Unit filename="lib/opencm3/include/libopencm3/stm32/syscfg.h" />
		<Unit filename="lib/opencm3/include/libopencm3/stm32/timer.h" />
		<Unit filename="lib/opencm3/include/libopencm3/stm32/tools.h" />
		<Unit filename="lib/opencm3/include/libopencm3/stm32/tsc.h" />
		<Unit filename="lib/opencm3/include/libopencm3/stm32/usart.h" />
		<Unit filename="lib/opencm3/include/libopencm3/stm32/usb.h" />
		<Unit filename="lib/opencm3/include/libopencm3/stm32/usb_desc.h" />
		<Unit filename="lib/opencm3/include/libopencm3/stm32/wwdg.h" />
		<Unit filename="lib/opencm3/include/libopencm3/usb/cdc.h" />
		<Unit filename="lib/opencm3/include/libopencm3/usb/dfu.h" />
		<Unit filename="lib/opencm3/include/libopencm3/usb/doc-usb.h" />
		<Unit filename="lib/opencm3/include/libopencm3/usb/hid.h" />
		<Unit filename="lib/opencm3/include/libopencm3/usb/usbd.h" />
		<Unit filename="lib/opencm3/include/libopencm3/usb/usbstd.h" />
		<Unit filename="lib/opencm3/include/libopencmsis/core_cm3.h" />
		<Unit filename="lib/opencm3/include/libopencmsis/dispatch/irqhandlers.h" />
		<Unit filename="lib/opencm3/include/libopencmsis/efm32/efm32g/irqhandlers.h" />
		<Unit filename="lib/opencm3/include/libopencmsis/efm32/efm32gg/irqhandlers.h" />
		<Unit filename="lib/opencm3/include/libopencmsis/efm32/efm32lg/irqhandlers.h" />
		<Unit filename="lib/opencm3/include/libopencmsis/efm32/efm32tg/irqhandlers.h" />
		<Unit filename="lib/opencm3/include/libopencmsis/lm3s/irqhandlers.h" />
		<Unit filename="lib/opencm3/include/libopencmsis/lpc13xx/irqhandlers.h" />
		<Unit filename="lib/opencm3/include/libopencmsis/lpc17xx/irqhandlers.h" />
		<Unit filename="lib/opencm3/include/libopencmsis/lpc43xx/m0/irqhandlers.h" />
		<Unit filename="lib/opencm3/include/libopencmsis/lpc43xx/m4/irqhandlers.h" />
		<Unit filename="lib/opencm3/include/libopencmsis/sam/3n/irqhandlers.h" />
		<Unit filename="lib/opencm3/include/libopencmsis/sam/3x/irqhandlers.h" />
		<Unit filename="lib/opencm3/include/libopencmsis/stm32/f0/irqhandlers.h" />
		<Unit filename="lib/opencm3/include/libopencmsis/stm32/f1/irqhandlers.h" />
		<Unit filename="lib/opencm3/include/libopencmsis/stm32/f2/irqhandlers.h" />
		<Unit filename="lib/opencm3/include/libopencmsis/stm32/f3/irqhandlers.h" />
		<Unit filename="lib/opencm3/include/libopencmsis/stm32/f4/irqhandlers.h" />
		<Unit filename="lib/opencm3/include/libopencmsis/stm32/l1/irqhandlers.h" />
		<Unit filename="lib/opencm3/ld/Makefile.example" />
		<Unit filename="lib/opencm3/ld/Makefile.linker" />
		<Unit filename="lib/opencm3/ld/README" />
		<Unit filename="lib/opencm3/ld/devices.data" />
		<Unit filename="lib/opencm3/ld/linker.ld.S" />
		<Unit filename="lib/opencm3/ld/tests/dash.data" />
		<Unit filename="lib/opencm3/ld/tests/dash.result" />
		<Unit filename="lib/opencm3/ld/tests/longline.data" />
		<Unit filename="lib/opencm3/ld/tests/longline.result" />
		<Unit filename="lib/opencm3/ld/tests/single.data" />
		<Unit filename="lib/opencm3/ld/tests/single.result" />
		<Unit filename="lib/opencm3/ld/tests/tree1.data" />
		<Unit filename="lib/opencm3/ld/tests/tree1.result" />
		<Unit filename="lib/opencm3/ld/tests/tree5.data" />
		<Unit filename="lib/opencm3/ld/tests/tree5.result" />
		<Unit filename="lib/opencm3/ld/tests/twomatch.data" />
		<Unit filename="lib/opencm3/ld/tests/twomatch.result" />
		<Unit filename="lib/opencm3/lib/Makefile.include" />
		<Unit filename="lib/opencm3/lib/cm3/assert.c">
			<Option compilerVar="CC" />
		</Unit>
		<Unit filename="lib/opencm3/lib/cm3/dwt.c">
			<Option compilerVar="CC" />
		</Unit>
		<Unit filename="lib/opencm3/lib/cm3/nvic.c">
			<Option compilerVar="CC" />
		</Unit>
		<Unit filename="lib/opencm3/lib/cm3/scb.c">
			<Option compilerVar="CC" />
		</Unit>
		<Unit filename="lib/opencm3/lib/cm3/sync.c">
			<Option compilerVar="CC" />
		</Unit>
		<Unit filename="lib/opencm3/lib/cm3/systick.c">
			<Option compilerVar="CC" />
		</Unit>
		<Unit filename="lib/opencm3/lib/cm3/vector.c">
			<Option compilerVar="CC" />
		</Unit>
		<Unit filename="lib/opencm3/lib/dispatch/vector_chipset.c">
			<Option compilerVar="CC" />
		</Unit>
		<Unit filename="lib/opencm3/lib/dispatch/vector_nvic.c">
			<Option compilerVar="CC" />
		</Unit>
		<Unit filename="lib/opencm3/lib/ethernet/mac.c">
			<Option compilerVar="CC" />
		</Unit>
		<Unit filename="lib/opencm3/lib/ethernet/mac_stm32fxx7.c">
			<Option compilerVar="CC" />
		</Unit>
		<Unit filename="lib/opencm3/lib/ethernet/phy.c">
			<Option compilerVar="CC" />
		</Unit>
		<Unit filename="lib/opencm3/lib/ethernet/phy_ksz8051mll.c">
			<Option compilerVar="CC" />
		</Unit>
		<Unit filename="lib/opencm3/lib/stm32/common/can_common_bxcan.c">
			<Option compilerVar="CC" />
		</Unit>
		<Unit filename="lib/opencm3/lib/stm32/common/crc_common_all.c">
			<Option compilerVar="CC" />
		</Unit>
		<Unit filename="lib/opencm3/lib/stm32/common/crypto_common_f24.c">
			<Option compilerVar="CC" />
		</Unit>
		<Unit filename="lib/opencm3/lib/stm32/common/dac_common_all.c">
			<Option compilerVar="CC" />
		</Unit>
		<Unit filename="lib/opencm3/lib/stm32/common/dma_common_f24.c">
			<Option compilerVar="CC" />
		</Unit>
		<Unit filename="lib/opencm3/lib/stm32/common/dma_common_l1f013.c">
			<Option compilerVar="CC" />
		</Unit>
		<Unit filename="lib/opencm3/lib/stm32/common/exti_common_all.c">
			<Option compilerVar="CC" />
		</Unit>
		<Unit filename="lib/opencm3/lib/stm32/common/flash_common_f234.c">
			<Option compilerVar="CC" />
		</Unit>
		<Unit filename="lib/opencm3/lib/stm32/common/flash_common_f24.c">
			<Option compilerVar="CC" />
		</Unit>
		<Unit filename="lib/opencm3/lib/stm32/common/gpio_common_all.c">
			<Option compilerVar="CC" />
		</Unit>
		<Unit filename="lib/opencm3/lib/stm32/common/gpio_common_f0234.c">
			<Option compilerVar="CC" />
		</Unit>
		<Unit filename="lib/opencm3/lib/stm32/common/hash_common_f24.c">
			<Option compilerVar="CC" />
		</Unit>
		<Unit filename="lib/opencm3/lib/stm32/common/i2c_common_all.c">
			<Option compilerVar="CC" />
		</Unit>
		<Unit filename="lib/opencm3/lib/stm32/common/iwdg_common_all.c">
			<Option compilerVar="CC" />
		</Unit>
		<Unit filename="lib/opencm3/lib/stm32/common/pwr_common_all.c">
			<Option compilerVar="CC" />
		</Unit>
		<Unit filename="lib/opencm3/lib/stm32/common/rcc_common_all.c">
			<Option compilerVar="CC" />
		</Unit>
		<Unit filename="lib/opencm3/lib/stm32/common/rtc_common_l1f024.c">
			<Option compilerVar="CC" />
		</Unit>
		<Unit filename="lib/opencm3/lib/stm32/common/spi_common_all.c">
			<Option compilerVar="CC" />
		</Unit>
		<Unit filename="lib/opencm3/lib/stm32/common/spi_common_f124.c">
			<Option compilerVar="CC" />
		</Unit>
		<Unit filename="lib/opencm3/lib/stm32/common/timer_common_all.c">
			<Option compilerVar="CC" />
		</Unit>
		<Unit filename="lib/opencm3/lib/stm32/common/timer_common_f234.c">
			<Option compilerVar="CC" />
		</Unit>
		<Unit filename="lib/opencm3/lib/stm32/common/timer_common_f24.c">
			<Option compilerVar="CC" />
		</Unit>
		<Unit filename="lib/opencm3/lib/stm32/common/usart_common_all.c">
			<Option compilerVar="CC" />
		</Unit>
		<Unit filename="lib/opencm3/lib/stm32/common/usart_common_f124.c">
			<Option compilerVar="CC" />
		</Unit>
		<Unit filename="lib/opencm3/lib/stm32/desig.c">
			<Option compilerVar="CC" />
		</Unit>
		<Unit filename="lib/opencm3/lib/stm32/f4/Makefile" />
		<Unit filename="lib/opencm3/lib/stm32/f4/adc.c">
			<Option compilerVar="CC" />
		</Unit>
		<Unit filename="lib/opencm3/lib/stm32/f4/crc.c">
			<Option compilerVar="CC" />
		</Unit>
		<Unit filename="lib/opencm3/lib/stm32/f4/crypto.c">
			<Option compilerVar="CC" />
		</Unit>
		<Unit filename="lib/opencm3/lib/stm32/f4/dac.c">
			<Option compilerVar="CC" />
		</Unit>
		<Unit filename="lib/opencm3/lib/stm32/f4/dma.c">
			<Option compilerVar="CC" />
		</Unit>
		<Unit filename="lib/opencm3/lib/stm32/f4/gpio.c">
			<Option compilerVar="CC" />
		</Unit>
		<Unit filename="lib/opencm3/lib/stm32/f4/i2c.c">
			<Option compilerVar="CC" />
		</Unit>
		<Unit filename="lib/opencm3/lib/stm32/f4/iwdg.c">
			<Option compilerVar="CC" />
		</Unit>
		<Unit filename="lib/opencm3/lib/stm32/f4/libopencm3_stm32f4.ld" />
		<Unit filename="lib/opencm3/lib/stm32/f4/pwr.c">
			<Option compilerVar="CC" />
		</Unit>
		<Unit filename="lib/opencm3/lib/stm32/f4/rcc.c">
			<Option compilerVar="CC" />
		</Unit>
		<Unit filename="lib/opencm3/lib/stm32/f4/rtc.c">
			<Option compilerVar="CC" />
		</Unit>
		<Unit filename="lib/opencm3/lib/stm32/f4/spi.c">
			<Option compilerVar="CC" />
		</Unit>
		<Unit filename="lib/opencm3/lib/stm32/f4/stm32f405x6.ld" />
		<Unit filename="lib/opencm3/lib/stm32/f4/timer.c">
			<Option compilerVar="CC" />
		</Unit>
		<Unit filename="lib/opencm3/lib/stm32/f4/usart.c">
			<Option compilerVar="CC" />
		</Unit>
		<Unit filename="lib/opencm3/lib/stm32/f4/vector_chipset.c">
			<Option compilerVar="CC" />
		</Unit>
		<Unit filename="lib/opencm3/lib/usb/usb.c">
			<Option compilerVar="CC" />
		</Unit>
		<Unit filename="lib/opencm3/lib/usb/usb_control.c">
			<Option compilerVar="CC" />
		</Unit>
		<Unit filename="lib/opencm3/lib/usb/usb_f103.c">
			<Option compilerVar="CC" />
		</Unit>
		<Unit filename="lib/opencm3/lib/usb/usb_f107.c">
			<Option compilerVar="CC" />
		</Unit>
		<Unit filename="lib/opencm3/lib/usb/usb_f207.c">
			<Option compilerVar="CC" />
		</Unit>
		<Unit filename="lib/opencm3/lib/usb/usb_fx07_common.c">
			<Option compilerVar="CC" />
		</Unit>
		<Unit filename="lib/opencm3/lib/usb/usb_fx07_common.h" />
		<Unit filename="lib/opencm3/lib/usb/usb_private.h" />
		<Unit filename="lib/opencm3/lib/usb/usb_standard.c">
			<Option compilerVar="CC" />
		</Unit>
		<Unit filename="lib/opencm3/locm3.sublime-project" />
		<Unit filename="lib/opencm3/mk/README" />
		<Unit filename="lib/opencm3/mk/gcc-config.mk" />
		<Unit filename="lib/opencm3/mk/gcc-rules.mk" />
		<Unit filename="lib/opencm3/mk/genlink-config.mk" />
		<Unit filename="lib/opencm3/mk/genlink-rules.mk" />
		<Unit filename="lib/opencm3/mk/stylecheck-config.mk" />
		<Unit filename="lib/opencm3/mk/stylecheck-rules.mk" />
		<Unit filename="lib/opencm3/scripts/black_magic_probe_debug.scr" />
		<Unit filename="lib/opencm3/scripts/black_magic_probe_flash.scr" />
		<Unit filename="lib/opencm3/scripts/checkpatch.pl" />
		<Unit filename="lib/opencm3/scripts/data/lpc43xx/README" />
		<Unit filename="lib/opencm3/scripts/data/lpc43xx/adc.yaml" />
		<Unit filename="lib/opencm3/scripts/data/lpc43xx/atimer.yaml" />
		<Unit filename="lib/opencm3/scripts/data/lpc43xx/ccu.yaml" />
		<Unit filename="lib/opencm3/scripts/data/lpc43xx/cgu.yaml" />
		<Unit filename="lib/opencm3/scripts/data/lpc43xx/creg.yaml" />
		<Unit filename="lib/opencm3/scripts/data/lpc43xx/csv2yaml.py" />
		<Unit filename="lib/opencm3/scripts/data/lpc43xx/eventrouter.yaml" />
		<Unit filename="lib/opencm3/scripts/data/lpc43xx/gen.py" />
		<Unit filename="lib/opencm3/scripts/data/lpc43xx/gima.yaml" />
		<Unit filename="lib/opencm3/scripts/data/lpc43xx/gpdma.yaml" />
		<Unit filename="lib/opencm3/scripts/data/lpc43xx/gpio.yaml" />
		<Unit filename="lib/opencm3/scripts/data/lpc43xx/i2c.yaml" />
		<Unit filename="lib/opencm3/scripts/data/lpc43xx/i2s.yaml" />
		<Unit filename="lib/opencm3/scripts/data/lpc43xx/rgu.yaml" />
		<Unit filename="lib/opencm3/scripts/data/lpc43xx/ritimer.yaml" />
		<Unit filename="lib/opencm3/scripts/data/lpc43xx/scu.yaml" />
		<Unit filename="lib/opencm3/scripts/data/lpc43xx/sgpio.yaml" />
		<Unit filename="lib/opencm3/scripts/data/lpc43xx/ssp.yaml" />
		<Unit filename="lib/opencm3/scripts/data/lpc43xx/usb.yaml" />
		<Unit filename="lib/opencm3/scripts/data/lpc43xx/yaml_odict.py" />
		<Unit filename="lib/opencm3/scripts/genlink.awk" />
		<Unit filename="lib/opencm3/scripts/genlinktest.sh" />
		<Unit filename="lib/opencm3/scripts/irq2nvic_h" />
		<Unit filename="lib/opencm3/scripts/lpcvtcksum" />
		<Unit filename="mk/gcc-config.mk" />
		<Unit filename="mk/gcc-rules.mk" />
		<Unit filename="mk/genlink-config.mk" />
		<Unit filename="mk/genlink-rules.mk" />
		<Unit filename="mk/libopencm3-config.mk" />
		<Unit filename="mk/libopencm3-rules.mk" />
		<Unit filename="mk/stylecheck-config.mk" />
		<Unit filename="mk/stylecheck-rules.mk" />
		<Unit filename="scripts/checkpatch.pl" />
		<Unit filename="src/clock.c">
			<Option compilerVar="CC" />
		</Unit>
		<Unit filename="src/ksz8051.c">
			<Option compilerVar="CC" />
		</Unit>
		<Unit filename="src/main.cpp" />
		<Extensions>
			<code_completion />
			<envvars />
			<debugger>
				<remote_debugging>
					<options conn_type="0" serial_baud="115200" ip_address="localhost" ip_port="3333" extended_remote="1" />
				</remote_debugging>
				<remote_debugging target="Release">
					<options conn_type="2" serial_port="COM3" serial_baud="115200" ip_address="localhost" ip_port="3333" additional_cmds="monitor swdp_scan&#x0A;attach 1&#x0A;load&#x0A;b main&#x0A;run" additional_cmds_before="source armv7m-vectstate.gdb" extended_remote="1" />
				</remote_debugging>
				<remote_debugging target="Debug">
					<options conn_type="2" serial_port="COM3" serial_baud="115200" ip_address="localhost" ip_port="3333" additional_cmds="monitor connect_srst true&#x0A;monitor swdp_scan&#x0A;attach 1&#x0A;load&#x0A;b main&#x0A;run" additional_cmds_before="source armv7m-vectstate.gdb" extended_remote="1" />
				</remote_debugging>
			</debugger>
			<lib_finder disable_auto="1" />
			<DoxyBlocks>
				<comment_style block="0" line="0" />
				<doxyfile_project />
				<doxyfile_build />
				<doxyfile_warnings />
				<doxyfile_output />
				<doxyfile_dot />
				<general />
			</DoxyBlocks>
		</Extensions>
	</Project>
</CodeBlocks_project_file>
