
Microsoft Visual Studio Solution File, Format Version 12.00
# Visual Studio 2012
Project("{FAE04EC0-301F-11D3-BF4B-00C04F79EFBC}") = "canshark-console", "canshark-console.csproj", "{0955D93C-B164-4D92-9F3C-B76043993BBE}"
EndProject
Global
	GlobalSection(SolutionConfigurationPlatforms) = preSolution
		Debug|Any CPU = Debug|Any CPU
		Release|Any CPU = Release|Any CPU
	EndGlobalSection
	GlobalSection(ProjectConfigurationPlatforms) = postSolution
		{0955D93C-B164-4D92-9F3C-B76043993BBE}.Debug|Any CPU.ActiveCfg = Debug|Any CPU
		{0955D93C-B164-4D92-9F3C-B76043993BBE}.Debug|Any CPU.Build.0 = Debug|Any CPU
		{0955D93C-B164-4D92-9F3C-B76043993BBE}.Release|Any CPU.ActiveCfg = Release|Any CPU
		{0955D93C-B164-4D92-9F3C-B76043993BBE}.Release|Any CPU.Build.0 = Release|Any CPU
	EndGlobalSection
	GlobalSection(SolutionProperties) = preSolution
		HideSolutionNode = FALSE
	EndGlobalSection
EndGlobal
